{
  "name": "moera",
  "version": "1.1.2",
  "lockfileVersion": 3,
  "requires": true,
  "packages": {
    "": {
      "name": "moera",
      "version": "1.1.2",
      "license": "ISC",
      "dependencies": {
        "dave": "^0.0.0",
        "moera": "^1.0.0"
      }
    },
    "node_modules/dave": {
      "version": "0.0.0",
      "resolved": "https://registry.npmjs.org/dave/-/dave-0.0.0.tgz",
      "integrity": "sha512-nu9vTZ6A1WeVKt1WpFv2kCrTl0QS9Sv7aHtUhpOAvOdJQfq2IzJ3rRui7qseVMRcBKxZLCcBClhnWZJUBy7h6g=="
    },
    "node_modules/moera": {
      "version": "1.0.0",
      "resolved": "https://registry.npmjs.org/moera/-/moera-1.0.0.tgz",
      "integrity": "sha512-zARxZ9KlQ2MvMPprb5ViyZ1n4UbIpxHNoePXTmCRKdv6f6s5Qc6w+5cH2hPtf39chp7YTzvQQYwGGoJ3v0AFRg=="
    }
  }
}
